
Microsoft Visual Studio Solution File, Format Version 12.00
# Visual Studio Version 17
VisualStudioVersion = 17.4.33213.308
MinimumVisualStudioVersion = 10.0.40219.1
Project("{9A19103F-16F7-4668-BE54-9A1E7A4F7556}") = "CashOverflow", "CashOverflow\CashOverflow.csproj", "{08063B3F-EDEB-4849-85CF-01F1FBF9B279}"
EndProject
Project("{9A19103F-16F7-4668-BE54-9A1E7A4F7556}") = "CashOverflow.Tests.Unit", "CashOverflow.Tests.Unit\CashOverflow.Tests.Unit.csproj", "{9746ED95-425D-4D5E-8690-D4F5F9BCE5B5}"
EndProject
Project("{9A19103F-16F7-4668-BE54-9A1E7A4F7556}") = "CashOverflow.Infrastructure.Build", "CashOverlow.Infrastructure.Build\CashOverflow.Infrastructure.Build.csproj", "{BFFE4E76-A640-4A45-9CF4-E2DC92ECF1F4}"
EndProject
Global
	GlobalSection(SolutionConfigurationPlatforms) = preSolution
		Debug|Any CPU = Debug|Any CPU
		Release|Any CPU = Release|Any CPU
	EndGlobalSection
	GlobalSection(ProjectConfigurationPlatforms) = postSolution
		{08063B3F-EDEB-4849-85CF-01F1FBF9B279}.Debug|Any CPU.ActiveCfg = Debug|Any CPU
		{08063B3F-EDEB-4849-85CF-01F1FBF9B279}.Debug|Any CPU.Build.0 = Debug|Any CPU
		{08063B3F-EDEB-4849-85CF-01F1FBF9B279}.Release|Any CPU.ActiveCfg = Release|Any CPU
		{08063B3F-EDEB-4849-85CF-01F1FBF9B279}.Release|Any CPU.Build.0 = Release|Any CPU
		{9746ED95-425D-4D5E-8690-D4F5F9BCE5B5}.Debug|Any CPU.ActiveCfg = Debug|Any CPU
		{9746ED95-425D-4D5E-8690-D4F5F9BCE5B5}.Debug|Any CPU.Build.0 = Debug|Any CPU
		{9746ED95-425D-4D5E-8690-D4F5F9BCE5B5}.Release|Any CPU.ActiveCfg = Release|Any CPU
		{9746ED95-425D-4D5E-8690-D4F5F9BCE5B5}.Release|Any CPU.Build.0 = Release|Any CPU
		{BFFE4E76-A640-4A45-9CF4-E2DC92ECF1F4}.Debug|Any CPU.ActiveCfg = Debug|Any CPU
		{BFFE4E76-A640-4A45-9CF4-E2DC92ECF1F4}.Debug|Any CPU.Build.0 = Debug|Any CPU
		{BFFE4E76-A640-4A45-9CF4-E2DC92ECF1F4}.Release|Any CPU.ActiveCfg = Release|Any CPU
		{BFFE4E76-A640-4A45-9CF4-E2DC92ECF1F4}.Release|Any CPU.Build.0 = Release|Any CPU
	EndGlobalSection
	GlobalSection(SolutionProperties) = preSolution
		HideSolutionNode = FALSE
	EndGlobalSection
	GlobalSection(ExtensibilityGlobals) = postSolution
		SolutionGuid = {790B78FD-5682-4599-93B6-59820F495756}
	EndGlobalSection
EndGlobal
