
Microsoft Visual Studio Solution File, Format Version 12.00
# Visual Studio Version 16
VisualStudioVersion = 25.0.1704.5
MinimumVisualStudioVersion = 10.0.40219.1
Project("{FAE04EC0-301F-11D3-BF4B-00C04F79EFBC}") = "CashOverflow.Tests.Unit", "CashOverflow.Tests.Unit.csproj", "{138E3FDF-8A5F-4840-A38E-C72A73EE39A7}"
EndProject
Global
	GlobalSection(SolutionConfigurationPlatforms) = preSolution
		Debug|Any CPU = Debug|Any CPU
		Release|Any CPU = Release|Any CPU
	EndGlobalSection
	GlobalSection(ProjectConfigurationPlatforms) = postSolution
		{138E3FDF-8A5F-4840-A38E-C72A73EE39A7}.Debug|Any CPU.ActiveCfg = Debug|Any CPU
		{138E3FDF-8A5F-4840-A38E-C72A73EE39A7}.Debug|Any CPU.Build.0 = Debug|Any CPU
		{138E3FDF-8A5F-4840-A38E-C72A73EE39A7}.Release|Any CPU.ActiveCfg = Release|Any CPU
		{138E3FDF-8A5F-4840-A38E-C72A73EE39A7}.Release|Any CPU.Build.0 = Release|Any CPU
	EndGlobalSection
	GlobalSection(SolutionProperties) = preSolution
		HideSolutionNode = FALSE
	EndGlobalSection
	GlobalSection(ExtensibilityGlobals) = postSolution
		SolutionGuid = {E409D5B5-F06E-4B56-BCF4-99E80348049B}
	EndGlobalSection
EndGlobal
